
Microsoft Visual Studio Solution File, Format Version 12.00
# Visual Studio 15
VisualStudioVersion = 15.0.26730.8
MinimumVisualStudioVersion = 10.0.40219.1
Project("{FAE04EC0-301F-11D3-BF4B-00C04F79EFBC}") = "snap", "snap\snap.csproj", "{0725CA0A-6F8A-4DBF-9153-9382ACC89603}"
EndProject
Global
	GlobalSection(SolutionConfigurationPlatforms) = preSolution
		Debug|Any CPU = Debug|Any CPU
		Release|Any CPU = Release|Any CPU
	EndGlobalSection
	GlobalSection(ProjectConfigurationPlatforms) = postSolution
		{0725CA0A-6F8A-4DBF-9153-9382ACC89603}.Debug|Any CPU.ActiveCfg = Debug|Any CPU
		{0725CA0A-6F8A-4DBF-9153-9382ACC89603}.Debug|Any CPU.Build.0 = Debug|Any CPU
		{0725CA0A-6F8A-4DBF-9153-9382ACC89603}.Release|Any CPU.ActiveCfg = Release|Any CPU
		{0725CA0A-6F8A-4DBF-9153-9382ACC89603}.Release|Any CPU.Build.0 = Release|Any CPU
	EndGlobalSection
	GlobalSection(SolutionProperties) = preSolution
		HideSolutionNode = FALSE
	EndGlobalSection
	GlobalSection(ExtensibilityGlobals) = postSolution
		SolutionGuid = {2E6E7788-E533-4DE5-9665-715732D74F9F}
	EndGlobalSection
EndGlobal
